
Microsoft Visual Studio Solution File, Format Version 12.00
# Visual Studio 15
VisualStudioVersion = 15.0.27130.2010
MinimumVisualStudioVersion = 10.0.40219.1
Project("{FAE04EC0-301F-11D3-BF4B-00C04F79EFBC}") = "demoApp-api", "demoApp-api\demoApp-api.csproj", "{8CAD73E8-3CAF-4A76-AEC1-E445F2C1BDFA}"
EndProject
Project("{FAE04EC0-301F-11D3-BF4B-00C04F79EFBC}") = "demoApp-api.Tests", "demoApp-api.Tests\demoApp-api.Tests.csproj", "{9A40DD32-A518-44AC-90CC-753F8AC4BCA5}"
EndProject
Project("{FAE04EC0-301F-11D3-BF4B-00C04F79EFBC}") = "demoApp-Web", "demoApp-web\demoApp-web\demoApp-Web.csproj", "{A5859E0E-3C08-4045-B8DC-B3FB13655B00}"
EndProject
Global
	GlobalSection(SolutionConfigurationPlatforms) = preSolution
		Debug|Any CPU = Debug|Any CPU
		Release|Any CPU = Release|Any CPU
	EndGlobalSection
	GlobalSection(ProjectConfigurationPlatforms) = postSolution
		{8CAD73E8-3CAF-4A76-AEC1-E445F2C1BDFA}.Debug|Any CPU.ActiveCfg = Debug|Any CPU
		{8CAD73E8-3CAF-4A76-AEC1-E445F2C1BDFA}.Debug|Any CPU.Build.0 = Debug|Any CPU
		{8CAD73E8-3CAF-4A76-AEC1-E445F2C1BDFA}.Release|Any CPU.ActiveCfg = Release|Any CPU
		{8CAD73E8-3CAF-4A76-AEC1-E445F2C1BDFA}.Release|Any CPU.Build.0 = Release|Any CPU
		{9A40DD32-A518-44AC-90CC-753F8AC4BCA5}.Debug|Any CPU.ActiveCfg = Debug|Any CPU
		{9A40DD32-A518-44AC-90CC-753F8AC4BCA5}.Debug|Any CPU.Build.0 = Debug|Any CPU
		{9A40DD32-A518-44AC-90CC-753F8AC4BCA5}.Release|Any CPU.ActiveCfg = Release|Any CPU
		{9A40DD32-A518-44AC-90CC-753F8AC4BCA5}.Release|Any CPU.Build.0 = Release|Any CPU
		{A5859E0E-3C08-4045-B8DC-B3FB13655B00}.Debug|Any CPU.ActiveCfg = Debug|Any CPU
		{A5859E0E-3C08-4045-B8DC-B3FB13655B00}.Debug|Any CPU.Build.0 = Debug|Any CPU
		{A5859E0E-3C08-4045-B8DC-B3FB13655B00}.Release|Any CPU.ActiveCfg = Release|Any CPU
		{A5859E0E-3C08-4045-B8DC-B3FB13655B00}.Release|Any CPU.Build.0 = Release|Any CPU
	EndGlobalSection
	GlobalSection(SolutionProperties) = preSolution
		HideSolutionNode = FALSE
	EndGlobalSection
	GlobalSection(ExtensibilityGlobals) = postSolution
		SolutionGuid = {08CBA45D-C310-4B52-B008-D3B7A74234E8}
	EndGlobalSection
EndGlobal
